// !$*UTF8*$!
{
	archiveVersion = 1;
	classes = {
	};
	objectVersion = 46;
	objects = {

/* Begin PBXBuildFile section */
		FD9B91631E6E552C002965D4 /* AppDelegate.swift in Sources */ = {isa = PBXBuildFile; fileRef = FD9B91621E6E552C002965D4 /* AppDelegate.swift */; };
		FD9B91651E6E552C002965D4 /* ViewController.swift in Sources */ = {isa = PBXBuildFile; fileRef = FD9B91641E6E552C002965D4 /* ViewController.swift */; };
		FD9B91681E6E552C002965D4 /* Main.storyboard in Resources */ = {isa = PBXBuildFile; fileRef = FD9B91661E6E552C002965D4 /* Main.storyboard */; };
		FD9B916A1E6E552C002965D4 /* Assets.xcassets in Resources */ = {isa = PBXBuildFile; fileRef = FD9B91691E6E552C002965D4 /* Assets.xcassets */; };
		FD9B916D1E6E552C002965D4 /* LaunchScreen.storyboard in Resources */ = {isa = PBXBuildFile; fileRef = FD9B916B1E6E552C002965D4 /* LaunchScreen.storyboard */; };
		FD9B91781E6E552C002965D4 /* TipsterTests.swift in Sources */ = {isa = PBXBuildFile; fileRef = FD9B91771E6E552C002965D4 /* TipsterTests.swift */; };
		FD9B91831E6E552C002965D4 /* TipsterUITests.swift in Sources */ = {isa = PBXBuildFile; fileRef = FD9B91821E6E552C002965D4 /* TipsterUITests.swift */; };
/* End PBXBuildFile section */

/* Begin PBXContainerItemProxy section */
		FD9B91741E6E552C002965D4 /* PBXContainerItemProxy */ = {
			isa = PBXContainerItemProxy;
			containerPortal = FD9B91571E6E552C002965D4 /* Project object */;
			proxyType = 1;
			remoteGlobalIDString = FD9B915E1E6E552C002965D4;
			remoteInfo = Tipster;
		};
		FD9B917F1E6E552C002965D4 /* PBXContainerItemProxy */ = {
			isa = PBXContainerItemProxy;
			containerPortal = FD9B91571E6E552C002965D4 /* Project object */;
			proxyType = 1;
			remoteGlobalIDString = FD9B915E1E6E552C002965D4;
			remoteInfo = Tipster;
		};
/* End PBXContainerItemProxy section */

/* Begin PBXFileReference section */
		FD9B915F1E6E552C002965D4 /* Tipster.app */ = {isa = PBXFileReference; explicitFileType = wrapper.application; includeInIndex = 0; path = Tipster.app; sourceTree = BUILT_PRODUCTS_DIR; };
		FD9B91621E6E552C002965D4 /* AppDelegate.swift */ = {isa = PBXFileReference; lastKnownFileType = sourcecode.swift; path = AppDelegate.swift; sourceTree = "<group>"; };
		FD9B91641E6E552C002965D4 /* ViewController.swift */ = {isa = PBXFileReference; lastKnownFileType = sourcecode.swift; path = ViewController.swift; sourceTree = "<group>"; };
		FD9B91671E6E552C002965D4 /* Base */ = {isa = PBXFileReference; lastKnownFileType = file.storyboard; name = Base; path = Base.lproj/Main.storyboard; sourceTree = "<group>"; };
		FD9B91691E6E552C002965D4 /* Assets.xcassets */ = {isa = PBXFileReference; lastKnownFileType = folder.assetcatalog; path = Assets.xcassets; sourceTree = "<group>"; };
		FD9B916C1E6E552C002965D4 /* Base */ = {isa = PBXFileReference; lastKnownFileType = file.storyboard; name = Base; path = Base.lproj/LaunchScreen.storyboard; sourceTree = "<group>"; };
		FD9B916E1E6E552C002965D4 /* Info.plist */ = {isa = PBXFileReference; lastKnownFileType = text.plist.xml; path = Info.plist; sourceTree = "<group>"; };
		FD9B91731E6E552C002965D4 /* TipsterTests.xctest */ = {isa = PBXFileReference; explicitFileType = wrapper.cfbundle; includeInIndex = 0; path = TipsterTests.xctest; sourceTree = BUILT_PRODUCTS_DIR; };
		FD9B91771E6E552C002965D4 /* TipsterTests.swift */ = {isa = PBXFileReference; lastKnownFileType = sourcecode.swift; path = TipsterTests.swift; sourceTree = "<group>"; };
		FD9B91791E6E552C002965D4 /* Info.plist */ = {isa = PBXFileReference; lastKnownFileType = text.plist.xml; path = Info.plist; sourceTree = "<group>"; };
		FD9B917E1E6E552C002965D4 /* TipsterUITests.xctest */ = {isa = PBXFileReference; explicitFileType = wrapper.cfbundle; includeInIndex = 0; path = TipsterUITests.xctest; sourceTree = BUILT_PRODUCTS_DIR; };
		FD9B91821E6E552C002965D4 /* TipsterUITests.swift */ = {isa = PBXFileReference; lastKnownFileType = sourcecode.swift; path = TipsterUITests.swift; sourceTree = "<group>"; };
		FD9B91841E6E552C002965D4 /* Info.plist */ = {isa = PBXFileReference; lastKnownFileType = text.plist.xml; path = Info.plist; sourceTree = "<group>"; };
/* End PBXFileReference section */

/* Begin PBXFrameworksBuildPhase section */
		FD9B915C1E6E552C002965D4 /* Frameworks */ = {
			isa = PBXFrameworksBuildPhase;
			buildActionMask = 2147483647;
			files = (
			);
			runOnlyForDeploymentPostprocessing = 0;
		};
		FD9B91701E6E552C002965D4 /* Frameworks */ = {
			isa = PBXFrameworksBuildPhase;
			buildActionMask = 2147483647;
			files = (
			);
			runOnlyForDeploymentPostprocessing = 0;
		};
		FD9B917B1E6E552C002965D4 /* Frameworks */ = {
			isa = PBXFrameworksBuildPhase;
			buildActionMask = 2147483647;
			files = (
			);
			runOnlyForDeploymentPostprocessing = 0;
		};
/* End PBXFrameworksBuildPhase section */

/* Begin PBXGroup section */
		FD9B91561E6E552C002965D4 = {
			isa = PBXGroup;
			children = (
				FD9B91611E6E552C002965D4 /* Tipster */,
				FD9B91761E6E552C002965D4 /* TipsterTests */,
				FD9B91811E6E552C002965D4 /* TipsterUITests */,
				FD9B91601E6E552C002965D4 /* Products */,
			);
			sourceTree = "<group>";
		};
		FD9B91601E6E552C002965D4 /* Products */ = {
			isa = PBXGroup;
			children = (
				FD9B915F1E6E552C002965D4 /* Tipster.app */,
				FD9B91731E6E552C002965D4 /* TipsterTests.xctest */,
				FD9B917E1E6E552C002965D4 /* TipsterUITests.xctest */,
			);
			name = Products;
			sourceTree = "<group>";
		};
		FD9B91611E6E552C002965D4 /* Tipster */ = {
			isa = PBXGroup;
			children = (
				FD9B91621E6E552C002965D4 /* AppDelegate.swift */,
				FD9B91641E6E552C002965D4 /* ViewController.swift */,
				FD9B91661E6E552C002965D4 /* Main.storyboard */,
				FD9B91691E6E552C002965D4 /* Assets.xcassets */,
				FD9B916B1E6E552C002965D4 /* LaunchScreen.storyboard */,
				FD9B916E1E6E552C002965D4 /* Info.plist */,
			);
			path = Tipster;
			sourceTree = "<group>";
		};
		FD9B91761E6E552C002965D4 /* TipsterTests */ = {
			isa = PBXGroup;
			children = (
				FD9B91771E6E552C002965D4 /* TipsterTests.swift */,
				FD9B91791E6E552C002965D4 /* Info.plist */,
			);
			path = TipsterTests;
			sourceTree = "<group>";
		};
		FD9B91811E6E552C002965D4 /* TipsterUITests */ = {
			isa = PBXGroup;
			children = (
				FD9B91821E6E552C002965D4 /* TipsterUITests.swift */,
				FD9B91841E6E552C002965D4 /* Info.plist */,
			);
			path = TipsterUITests;
			sourceTree = "<group>";
		};
/* End PBXGroup section */

/* Begin PBXNativeTarget section */
		FD9B915E1E6E552C002965D4 /* Tipster */ = {
			isa = PBXNativeTarget;
			buildConfigurationList = FD9B91871E6E552C002965D4 /* Build configuration list for PBXNativeTarget "Tipster" */;
			buildPhases = (
				FD9B915B1E6E552C002965D4 /* Sources */,
				FD9B915C1E6E552C002965D4 /* Frameworks */,
				FD9B915D1E6E552C002965D4 /* Resources */,
			);
			buildRules = (
			);
			dependencies = (
			);
			name = Tipster;
			productName = Tipster;
			productReference = FD9B915F1E6E552C002965D4 /* Tipster.app */;
			productType = "com.apple.product-type.application";
		};
		FD9B91721E6E552C002965D4 /* TipsterTests */ = {
			isa = PBXNativeTarget;
			buildConfigurationList = FD9B918A1E6E552C002965D4 /* Build configuration list for PBXNativeTarget "TipsterTests" */;
			buildPhases = (
				FD9B916F1E6E552C002965D4 /* Sources */,
				FD9B91701E6E552C002965D4 /* Frameworks */,
				FD9B91711E6E552C002965D4 /* Resources */,
			);
			buildRules = (
			);
			dependencies = (
				FD9B91751E6E552C002965D4 /* PBXTargetDependency */,
			);
			name = TipsterTests;
			productName = TipsterTests;
			productReference = FD9B91731E6E552C002965D4 /* TipsterTests.xctest */;
			productType = "com.apple.product-type.bundle.unit-test";
		};
		FD9B917D1E6E552C002965D4 /* TipsterUITests */ = {
			isa = PBXNativeTarget;
			buildConfigurationList = FD9B918D1E6E552C002965D4 /* Build configuration list for PBXNativeTarget "TipsterUITests" */;
			buildPhases = (
				FD9B917A1E6E552C002965D4 /* Sources */,
				FD9B917B1E6E552C002965D4 /* Frameworks */,
				FD9B917C1E6E552C002965D4 /* Resources */,
			);
			buildRules = (
			);
			dependencies = (
				FD9B91801E6E552C002965D4 /* PBXTargetDependency */,
			);
			name = TipsterUITests;
			productName = TipsterUITests;
			productReference = FD9B917E1E6E552C002965D4 /* TipsterUITests.xctest */;
			productType = "com.apple.product-type.bundle.ui-testing";
		};
/* End PBXNativeTarget section */

/* Begin PBXProject section */
		FD9B91571E6E552C002965D4 /* Project object */ = {
			isa = PBXProject;
			attributes = {
				LastSwiftUpdateCheck = 0820;
				LastUpgradeCheck = 0820;
				ORGANIZATIONNAME = "Aripirala, Sriram Santosh";
				TargetAttributes = {
					FD9B915E1E6E552C002965D4 = {
						CreatedOnToolsVersion = 8.2;
						ProvisioningStyle = Manual;
					};
					FD9B91721E6E552C002965D4 = {
						CreatedOnToolsVersion = 8.2;
						ProvisioningStyle = Automatic;
						TestTargetID = FD9B915E1E6E552C002965D4;
					};
					FD9B917D1E6E552C002965D4 = {
						CreatedOnToolsVersion = 8.2;
						ProvisioningStyle = Automatic;
						TestTargetID = FD9B915E1E6E552C002965D4;
					};
				};
			};
			buildConfigurationList = FD9B915A1E6E552C002965D4 /* Build configuration list for PBXProject "Tipster" */;
			compatibilityVersion = "Xcode 3.2";
			developmentRegion = English;
			hasScannedForEncodings = 0;
			knownRegions = (
				en,
				Base,
			);
			mainGroup = FD9B91561E6E552C002965D4;
			productRefGroup = FD9B91601E6E552C002965D4 /* Products */;
			projectDirPath = "";
			projectRoot = "";
			targets = (
				FD9B915E1E6E552C002965D4 /* Tipster */,
				FD9B91721E6E552C002965D4 /* TipsterTests */,
				FD9B917D1E6E552C002965D4 /* TipsterUITests */,
			);
		};
/* End PBXProject section */

/* Begin PBXResourcesBuildPhase section */
		FD9B915D1E6E552C002965D4 /* Resources */ = {
			isa = PBXResourcesBuildPhase;
			buildActionMask = 2147483647;
			files = (
				FD9B916D1E6E552C002965D4 /* LaunchScreen.storyboard in Resources */,
				FD9B916A1E6E552C002965D4 /* Assets.xcassets in Resources */,
				FD9B91681E6E552C002965D4 /* Main.storyboard in Resources */,
			);
			runOnlyForDeploymentPostprocessing = 0;
		};
		FD9B91711E6E552C002965D4 /* Resources */ = {
			isa = PBXResourcesBuildPhase;
			buildActionMask = 2147483647;
			files = (
			);
			runOnlyForDeploymentPostprocessing = 0;
		};
		FD9B917C1E6E552C002965D4 /* Resources */ = {
			isa = PBXResourcesBuildPhase;
			buildActionMask = 2147483647;
			files = (
			);
			runOnlyForDeploymentPostprocessing = 0;
		};
/* End PBXResourcesBuildPhase section */

/* Begin PBXSourcesBuildPhase section */
		FD9B915B1E6E552C002965D4 /* Sources */ = {
			isa = PBXSourcesBuildPhase;
			buildActionMask = 2147483647;
			files = (
				FD9B91651E6E552C002965D4 /* ViewController.swift in Sources */,
				FD9B91631E6E552C002965D4 /* AppDelegate.swift in Sources */,
			);
			runOnlyForDeploymentPostprocessing = 0;
		};
		FD9B916F1E6E552C002965D4 /* Sources */ = {
			isa = PBXSourcesBuildPhase;
			buildActionMask = 2147483647;
			files = (
				FD9B91781E6E552C002965D4 /* TipsterTests.swift in Sources */,
			);
			runOnlyForDeploymentPostprocessing = 0;
		};
		FD9B917A1E6E552C002965D4 /* Sources */ = {
			isa = PBXSourcesBuildPhase;
			buildActionMask = 2147483647;
			files = (
				FD9B91831E6E552C002965D4 /* TipsterUITests.swift in Sources */,
			);
			runOnlyForDeploymentPostprocessing = 0;
		};
/* End PBXSourcesBuildPhase section */

/* Begin PBXTargetDependency section */
		FD9B91751E6E552C002965D4 /* PBXTargetDependency */ = {
			isa = PBXTargetDependency;
			target = FD9B915E1E6E552C002965D4 /* Tipster */;
			targetProxy = FD9B91741E6E552C002965D4 /* PBXContainerItemProxy */;
		};
		FD9B91801E6E552C002965D4 /* PBXTargetDependency */ = {
			isa = PBXTargetDependency;
			target = FD9B915E1E6E552C002965D4 /* Tipster */;
			targetProxy = FD9B917F1E6E552C002965D4 /* PBXContainerItemProxy */;
		};
/* End PBXTargetDependency section */

/* Begin PBXVariantGroup section */
		FD9B91661E6E552C002965D4 /* Main.storyboard */ = {
			isa = PBXVariantGroup;
			children = (
				FD9B91671E6E552C002965D4 /* Base */,
			);
			name = Main.storyboard;
			sourceTree = "<group>";
		};
		FD9B916B1E6E552C002965D4 /* LaunchScreen.storyboard */ = {
			isa = PBXVariantGroup;
			children = (
				FD9B916C1E6E552C002965D4 /* Base */,
			);
			name = LaunchScreen.storyboard;
			sourceTree = "<group>";
		};
/* End PBXVariantGroup section */

/* Begin XCBuildConfiguration section */
		FD9B91851E6E552C002965D4 /* Debug */ = {
			isa = XCBuildConfiguration;
			buildSettings = {
				ALWAYS_SEARCH_USER_PATHS = NO;
				CLANG_ANALYZER_NONNULL = YES;
				CLANG_CXX_LANGUAGE_STANDARD = "gnu++0x";
				CLANG_CXX_LIBRARY = "libc++";
				CLANG_ENABLE_MODULES = YES;
				CLANG_ENABLE_OBJC_ARC = YES;
				CLANG_WARN_BOOL_CONVERSION = YES;
				CLANG_WARN_CONSTANT_CONVERSION = YES;
				CLANG_WARN_DIRECT_OBJC_ISA_USAGE = YES_ERROR;
				CLANG_WARN_DOCUMENTATION_COMMENTS = YES;
				CLANG_WARN_EMPTY_BODY = YES;
				CLANG_WARN_ENUM_CONVERSION = YES;
				CLANG_WARN_INFINITE_RECURSION = YES;
				CLANG_WARN_INT_CONVERSION = YES;
				CLANG_WARN_OBJC_ROOT_CLASS = YES_ERROR;
				CLANG_WARN_SUSPICIOUS_MOVE = YES;
				CLANG_WARN_UNREACHABLE_CODE = YES;
				CLANG_WARN__DUPLICATE_METHOD_MATCH = YES;
				"CODE_SIGN_IDENTITY[sdk=iphoneos*]" = "iPhone Developer";
				COPY_PHASE_STRIP = NO;
				DEBUG_INFORMATION_FORMAT = dwarf;
				ENABLE_STRICT_OBJC_MSGSEND = YES;
				ENABLE_TESTABILITY = YES;
				GCC_C_LANGUAGE_STANDARD = gnu99;
				GCC_DYNAMIC_NO_PIC = NO;
				GCC_NO_COMMON_BLOCKS = YES;
				GCC_OPTIMIZATION_LEVEL = 0;
				GCC_PREPROCESSOR_DEFINITIONS = (
					"DEBUG=1",
					"$(inherited)",
				);
				GCC_WARN_64_TO_32_BIT_CONVERSION = YES;
				GCC_WARN_ABOUT_RETURN_TYPE = YES_ERROR;
				GCC_WARN_UNDECLARED_SELECTOR = YES;
				GCC_WARN_UNINITIALIZED_AUTOS = YES_AGGRESSIVE;
				GCC_WARN_UNUSED_FUNCTION = YES;
				GCC_WARN_UNUSED_VARIABLE = YES;
				IPHONEOS_DEPLOYMENT_TARGET = 10.2;
				MTL_ENABLE_DEBUG_INFO = YES;
				ONLY_ACTIVE_ARCH = YES;
				SDKROOT = iphoneos;
				SWIFT_ACTIVE_COMPILATION_CONDITIONS = DEBUG;
				SWIFT_OPTIMIZATION_LEVEL = "-Onone";
				TARGETED_DEVICE_FAMILY = "1,2";
			};
			name = Debug;
		};
		FD9B91861E6E552C002965D4 /* Release */ = {
			isa = XCBuildConfiguration;
			buildSettings = {
				ALWAYS_SEARCH_USER_PATHS = NO;
				CLANG_ANALYZER_NONNULL = YES;
				CLANG_CXX_LANGUAGE_STANDARD = "gnu++0x";
				CLANG_CXX_LIBRARY = "libc++";
				CLANG_ENABLE_MODULES = YES;
				CLANG_ENABLE_OBJC_ARC = YES;
				CLANG_WARN_BOOL_CONVERSION = YES;
				CLANG_WARN_CONSTANT_CONVERSION = YES;
				CLANG_WARN_DIRECT_OBJC_ISA_USAGE = YES_ERROR;
				CLANG_WARN_DOCUMENTATION_COMMENTS = YES;
				CLANG_WARN_EMPTY_BODY = YES;
				CLANG_WARN_ENUM_CONVERSION = YES;
				CLANG_WARN_INFINITE_RECURSION = YES;
				CLANG_WARN_INT_CONVERSION = YES;
				CLANG_WARN_OBJC_ROOT_CLASS = YES_ERROR;
				CLANG_WARN_SUSPICIOUS_MOVE = YES;
				CLANG_WARN_UNREACHABLE_CODE = YES;
				CLANG_WARN__DUPLICATE_METHOD_MATCH = YES;
				"CODE_SIGN_IDENTITY[sdk=iphoneos*]" = "iPhone Developer";
				COPY_PHASE_STRIP = NO;
				DEBUG_INFORMATION_FORMAT = "dwarf-with-dsym";
				ENABLE_NS_ASSERTIONS = NO;
				ENABLE_STRICT_OBJC_MSGSEND = YES;
				GCC_C_LANGUAGE_STANDARD = gnu99;
				GCC_NO_COMMON_BLOCKS = YES;
				GCC_WARN_64_TO_32_BIT_CONVERSION = YES;
				GCC_WARN_ABOUT_RETURN_TYPE = YES_ERROR;
				GCC_WARN_UNDECLARED_SELECTOR = YES;
				GCC_WARN_UNINITIALIZED_AUTOS = YES_AGGRESSIVE;
				GCC_WARN_UNUSED_FUNCTION = YES;
				GCC_WARN_UNUSED_VARIABLE = YES;
				IPHONEOS_DEPLOYMENT_TARGET = 10.2;
				MTL_ENABLE_DEBUG_INFO = NO;
				SDKROOT = iphoneos;
				SWIFT_OPTIMIZATION_LEVEL = "-Owholemodule";
				TARGETED_DEVICE_FAMILY = "1,2";
				VALIDATE_PRODUCT = YES;
			};
			name = Release;
		};
		FD9B91881E6E552C002965D4 /* Debug */ = {
			isa = XCBuildConfiguration;
			buildSettings = {
				ASSETCATALOG_COMPILER_APPICON_NAME = AppIcon;
				CODE_SIGN_IDENTITY = "";
				"CODE_SIGN_IDENTITY[sdk=iphoneos*]" = "";
				DEVELOPMENT_TEAM = "";
				INFOPLIST_FILE = Tipster/Info.plist;
				IPHONEOS_DEPLOYMENT_TARGET = 9.0;
				LD_RUNPATH_SEARCH_PATHS = "$(inherited) @executable_path/Frameworks";
				PRODUCT_BUNDLE_IDENTIFIER = com.intuit.codepath.tipster;
				PRODUCT_NAME = "$(TARGET_NAME)";
				PROVISIONING_PROFILE_SPECIFIER = "";
				SWIFT_VERSION = 3.0;
			};
			name = Debug;
		};
		FD9B91891E6E552C002965D4 /* Release */ = {
			isa = XCBuildConfiguration;
			buildSettings = {
				ASSETCATALOG_COMPILER_APPICON_NAME = AppIcon;
				CODE_SIGN_IDENTITY = "";
				"CODE_SIGN_IDENTITY[sdk=iphoneos*]" = "";
				DEVELOPMENT_TEAM = "";
				INFOPLIST_FILE = Tipster/Info.plist;
				IPHONEOS_DEPLOYMENT_TARGET = 9.0;
				LD_RUNPATH_SEARCH_PATHS = "$(inherited) @executable_path/Frameworks";
				PRODUCT_BUNDLE_IDENTIFIER = com.intuit.codepath.tipster;
				PRODUCT_NAME = "$(TARGET_NAME)";
				PROVISIONING_PROFILE_SPECIFIER = "";
				SWIFT_VERSION = 3.0;
			};
			name = Release;
		};
		FD9B918B1E6E552C002965D4 /* Debug */ = {
			isa = XCBuildConfiguration;
			buildSettings = {
				ALWAYS_EMBED_SWIFT_STANDARD_LIBRARIES = YES;
				BUNDLE_LOADER = "$(TEST_HOST)";
				INFOPLIST_FILE = TipsterTests/Info.plist;
				LD_RUNPATH_SEARCH_PATHS = "$(inherited) @executable_path/Frameworks @loader_path/Frameworks";
				PRODUCT_BUNDLE_IDENTIFIER = com.intuit.codepath.TipsterTests;
				PRODUCT_NAME = "$(TARGET_NAME)";
				SWIFT_VERSION = 3.0;
				TEST_HOST = "$(BUILT_PRODUCTS_DIR)/Tipster.app/Tipster";
			};
			name = Debug;
		};
		FD9B918C1E6E552C002965D4 /* Release */ = {
			isa = XCBuildConfiguration;
			buildSettings = {
				ALWAYS_EMBED_SWIFT_STANDARD_LIBRARIES = YES;
				BUNDLE_LOADER = "$(TEST_HOST)";
				INFOPLIST_FILE = TipsterTests/Info.plist;
				LD_RUNPATH_SEARCH_PATHS = "$(inherited) @executable_path/Frameworks @loader_path/Frameworks";
				PRODUCT_BUNDLE_IDENTIFIER = com.intuit.codepath.TipsterTests;
				PRODUCT_NAME = "$(TARGET_NAME)";
				SWIFT_VERSION = 3.0;
				TEST_HOST = "$(BUILT_PRODUCTS_DIR)/Tipster.app/Tipster";
			};
			name = Release;
		};
		FD9B918E1E6E552C002965D4 /* Debug */ = {
			isa = XCBuildConfiguration;
			buildSettings = {
				ALWAYS_EMBED_SWIFT_STANDARD_LIBRARIES = YES;
				INFOPLIST_FILE = TipsterUITests/Info.plist;
				LD_RUNPATH_SEARCH_PATHS = "$(inherited) @executable_path/Frameworks @loader_path/Frameworks";
				PRODUCT_BUNDLE_IDENTIFIER = com.intuit.codepath.TipsterUITests;
				PRODUCT_NAME = "$(TARGET_NAME)";
				SWIFT_VERSION = 3.0;
				TEST_TARGET_NAME = Tipster;
			};
			name = Debug;
		};
		FD9B918F1E6E552C002965D4 /* Release */ = {
			isa = XCBuildConfiguration;
			buildSettings = {
				ALWAYS_EMBED_SWIFT_STANDARD_LIBRARIES = YES;
				INFOPLIST_FILE = TipsterUITests/Info.plist;
				LD_RUNPATH_SEARCH_PATHS = "$(inherited) @executable_path/Frameworks @loader_path/Frameworks";
				PRODUCT_BUNDLE_IDENTIFIER = com.intuit.codepath.TipsterUITests;
				PRODUCT_NAME = "$(TARGET_NAME)";
				SWIFT_VERSION = 3.0;
				TEST_TARGET_NAME = Tipster;
			};
			name = Release;
		};
/* End XCBuildConfiguration section */

/* Begin XCConfigurationList section */
		FD9B915A1E6E552C002965D4 /* Build configuration list for PBXProject "Tipster" */ = {
			isa = XCConfigurationList;
			buildConfigurations = (
				FD9B91851E6E552C002965D4 /* Debug */,
				FD9B91861E6E552C002965D4 /* Release */,
			);
			defaultConfigurationIsVisible = 0;
			defaultConfigurationName = Release;
		};
		FD9B91871E6E552C002965D4 /* Build configuration list for PBXNativeTarget "Tipster" */ = {
			isa = XCConfigurationList;
			buildConfigurations = (
				FD9B91881E6E552C002965D4 /* Debug */,
				FD9B91891E6E552C002965D4 /* Release */,
			);
			defaultConfigurationIsVisible = 0;
			defaultConfigurationName = Release;
		};
		FD9B918A1E6E552C002965D4 /* Build configuration list for PBXNativeTarget "TipsterTests" */ = {
			isa = XCConfigurationList;
			buildConfigurations = (
				FD9B918B1E6E552C002965D4 /* Debug */,
				FD9B918C1E6E552C002965D4 /* Release */,
			);
			defaultConfigurationIsVisible = 0;
			defaultConfigurationName = Release;
		};
		FD9B918D1E6E552C002965D4 /* Build configuration list for PBXNativeTarget "TipsterUITests" */ = {
			isa = XCConfigurationList;
			buildConfigurations = (
				FD9B918E1E6E552C002965D4 /* Debug */,
				FD9B918F1E6E552C002965D4 /* Release */,
			);
			defaultConfigurationIsVisible = 0;
			defaultConfigurationName = Release;
		};
/* End XCConfigurationList section */
	};
	rootObject = FD9B91571E6E552C002965D4 /* Project object */;
}
